// !$*UTF8*$!
{
	archiveVersion = 1;
	classes = {
	};
	objectVersion = 56;
	objects = {

/* Begin PBXBuildFile section */
		EAE3A7B22BAA056E003BB154 /* POPatternsApp.swift in Sources */ = {isa = PBXBuildFile; fileRef = EAE3A7B12BAA056E003BB154 /* POPatternsApp.swift */; };
		EAE3A7B42BAA056E003BB154 /* PatternsView.swift in Sources */ = {isa = PBXBuildFile; fileRef = EAE3A7B32BAA056E003BB154 /* PatternsView.swift */; };
		EAE3A7B62BAA0570003BB154 /* Assets.xcassets in Resources */ = {isa = PBXBuildFile; fileRef = EAE3A7B52BAA0570003BB154 /* Assets.xcassets */; };
		EAE3A7B92BAA0570003BB154 /* Preview Assets.xcassets in Resources */ = {isa = PBXBuildFile; fileRef = EAE3A7B82BAA0570003BB154 /* Preview Assets.xcassets */; };
		EAE3A7C02BAA0700003BB154 /* ColorHelper.swift in Sources */ = {isa = PBXBuildFile; fileRef = EAE3A7BF2BAA0700003BB154 /* ColorHelper.swift */; };
		EAE3A7C22BAA0965003BB154 /* ButtonView.swift in Sources */ = {isa = PBXBuildFile; fileRef = EAE3A7C12BAA0965003BB154 /* ButtonView.swift */; };
		EAE3A7C72BAA12B8003BB154 /* ButtonImageView.swift in Sources */ = {isa = PBXBuildFile; fileRef = EAE3A7C62BAA12B8003BB154 /* ButtonImageView.swift */; };
		EAE3A7C92BAA312E003BB154 /* PatternDetailsView.swift in Sources */ = {isa = PBXBuildFile; fileRef = EAE3A7C82BAA312E003BB154 /* PatternDetailsView.swift */; };
		EAFF37592BAA3E9D00961755 /* PNLCalculatorView.swift in Sources */ = {isa = PBXBuildFile; fileRef = EAFF37582BAA3E9D00961755 /* PNLCalculatorView.swift */; };
		EAFF375B2BAA3ED700961755 /* FavoritesView.swift in Sources */ = {isa = PBXBuildFile; fileRef = EAFF375A2BAA3ED700961755 /* FavoritesView.swift */; };
/* End PBXBuildFile section */

/* Begin PBXFileReference section */
		EAE3A7AE2BAA056E003BB154 /* POPatterns.app */ = {isa = PBXFileReference; explicitFileType = wrapper.application; includeInIndex = 0; path = POPatterns.app; sourceTree = BUILT_PRODUCTS_DIR; };
		EAE3A7B12BAA056E003BB154 /* POPatternsApp.swift */ = {isa = PBXFileReference; lastKnownFileType = sourcecode.swift; path = POPatternsApp.swift; sourceTree = "<group>"; };
		EAE3A7B32BAA056E003BB154 /* PatternsView.swift */ = {isa = PBXFileReference; lastKnownFileType = sourcecode.swift; path = PatternsView.swift; sourceTree = "<group>"; };
		EAE3A7B52BAA0570003BB154 /* Assets.xcassets */ = {isa = PBXFileReference; lastKnownFileType = folder.assetcatalog; path = Assets.xcassets; sourceTree = "<group>"; };
		EAE3A7B82BAA0570003BB154 /* Preview Assets.xcassets */ = {isa = PBXFileReference; lastKnownFileType = folder.assetcatalog; path = "Preview Assets.xcassets"; sourceTree = "<group>"; };
		EAE3A7BF2BAA0700003BB154 /* ColorHelper.swift */ = {isa = PBXFileReference; lastKnownFileType = sourcecode.swift; path = ColorHelper.swift; sourceTree = "<group>"; };
		EAE3A7C12BAA0965003BB154 /* ButtonView.swift */ = {isa = PBXFileReference; lastKnownFileType = sourcecode.swift; path = ButtonView.swift; sourceTree = "<group>"; };
		EAE3A7C62BAA12B8003BB154 /* ButtonImageView.swift */ = {isa = PBXFileReference; lastKnownFileType = sourcecode.swift; path = ButtonImageView.swift; sourceTree = "<group>"; };
		EAE3A7C82BAA312E003BB154 /* PatternDetailsView.swift */ = {isa = PBXFileReference; lastKnownFileType = sourcecode.swift; path = PatternDetailsView.swift; sourceTree = "<group>"; };
		EAFF37582BAA3E9D00961755 /* PNLCalculatorView.swift */ = {isa = PBXFileReference; lastKnownFileType = sourcecode.swift; path = PNLCalculatorView.swift; sourceTree = "<group>"; };
		EAFF375A2BAA3ED700961755 /* FavoritesView.swift */ = {isa = PBXFileReference; lastKnownFileType = sourcecode.swift; path = FavoritesView.swift; sourceTree = "<group>"; };
/* End PBXFileReference section */

/* Begin PBXFrameworksBuildPhase section */
		EAE3A7AB2BAA056E003BB154 /* Frameworks */ = {
			isa = PBXFrameworksBuildPhase;
			buildActionMask = 2147483647;
			files = (
			);
			runOnlyForDeploymentPostprocessing = 0;
		};
/* End PBXFrameworksBuildPhase section */

/* Begin PBXGroup section */
		EAE3A7A52BAA056E003BB154 = {
			isa = PBXGroup;
			children = (
				EAE3A7B02BAA056E003BB154 /* POPatterns */,
				EAE3A7AF2BAA056E003BB154 /* Products */,
			);
			sourceTree = "<group>";
		};
		EAE3A7AF2BAA056E003BB154 /* Products */ = {
			isa = PBXGroup;
			children = (
				EAE3A7AE2BAA056E003BB154 /* POPatterns.app */,
			);
			name = Products;
			sourceTree = "<group>";
		};
		EAE3A7B02BAA056E003BB154 /* POPatterns */ = {
			isa = PBXGroup;
			children = (
				EAE3A7B12BAA056E003BB154 /* POPatternsApp.swift */,
				EAE3A7C32BAA0A53003BB154 /* View */,
				EAE3A7B52BAA0570003BB154 /* Assets.xcassets */,
				EAE3A7B72BAA0570003BB154 /* Preview Content */,
				EAE3A7BF2BAA0700003BB154 /* ColorHelper.swift */,
			);
			path = POPatterns;
			sourceTree = "<group>";
		};
		EAE3A7B72BAA0570003BB154 /* Preview Content */ = {
			isa = PBXGroup;
			children = (
				EAE3A7B82BAA0570003BB154 /* Preview Assets.xcassets */,
			);
			path = "Preview Content";
			sourceTree = "<group>";
		};
		EAE3A7C32BAA0A53003BB154 /* View */ = {
			isa = PBXGroup;
			children = (
				EAE3A7B32BAA056E003BB154 /* PatternsView.swift */,
				EAE3A7C12BAA0965003BB154 /* ButtonView.swift */,
				EAFF37582BAA3E9D00961755 /* PNLCalculatorView.swift */,
				EAE3A7C62BAA12B8003BB154 /* ButtonImageView.swift */,
				EAE3A7C82BAA312E003BB154 /* PatternDetailsView.swift */,
				EAFF375A2BAA3ED700961755 /* FavoritesView.swift */,
			);
			path = View;
			sourceTree = "<group>";
		};
/* End PBXGroup section */

/* Begin PBXNativeTarget section */
		EAE3A7AD2BAA056E003BB154 /* POPatterns */ = {
			isa = PBXNativeTarget;
			buildConfigurationList = EAE3A7BC2BAA0570003BB154 /* Build configuration list for PBXNativeTarget "POPatterns" */;
			buildPhases = (
				EAE3A7AA2BAA056E003BB154 /* Sources */,
				EAE3A7AB2BAA056E003BB154 /* Frameworks */,
				EAE3A7AC2BAA056E003BB154 /* Resources */,
			);
			buildRules = (
			);
			dependencies = (
			);
			name = POPatterns;
			productName = POPatterns;
			productReference = EAE3A7AE2BAA056E003BB154 /* POPatterns.app */;
			productType = "com.apple.product-type.application";
		};
/* End PBXNativeTarget section */

/* Begin PBXProject section */
		EAE3A7A62BAA056E003BB154 /* Project object */ = {
			isa = PBXProject;
			attributes = {
				BuildIndependentTargetsInParallel = 1;
				LastSwiftUpdateCheck = 1520;
				LastUpgradeCheck = 1520;
				TargetAttributes = {
					EAE3A7AD2BAA056E003BB154 = {
						CreatedOnToolsVersion = 15.2;
					};
				};
			};
			buildConfigurationList = EAE3A7A92BAA056E003BB154 /* Build configuration list for PBXProject "POPatterns" */;
			compatibilityVersion = "Xcode 14.0";
			developmentRegion = en;
			hasScannedForEncodings = 0;
			knownRegions = (
				en,
				Base,
			);
			mainGroup = EAE3A7A52BAA056E003BB154;
			productRefGroup = EAE3A7AF2BAA056E003BB154 /* Products */;
			projectDirPath = "";
			projectRoot = "";
			targets = (
				EAE3A7AD2BAA056E003BB154 /* POPatterns */,
			);
		};
/* End PBXProject section */

/* Begin PBXResourcesBuildPhase section */
		EAE3A7AC2BAA056E003BB154 /* Resources */ = {
			isa = PBXResourcesBuildPhase;
			buildActionMask = 2147483647;
			files = (
				EAE3A7B92BAA0570003BB154 /* Preview Assets.xcassets in Resources */,
				EAE3A7B62BAA0570003BB154 /* Assets.xcassets in Resources */,
			);
			runOnlyForDeploymentPostprocessing = 0;
		};
/* End PBXResourcesBuildPhase section */

/* Begin PBXSourcesBuildPhase section */
		EAE3A7AA2BAA056E003BB154 /* Sources */ = {
			isa = PBXSourcesBuildPhase;
			buildActionMask = 2147483647;
			files = (
				EAE3A7C92BAA312E003BB154 /* PatternDetailsView.swift in Sources */,
				EAFF37592BAA3E9D00961755 /* PNLCalculatorView.swift in Sources */,
				EAE3A7C72BAA12B8003BB154 /* ButtonImageView.swift in Sources */,
				EAE3A7B42BAA056E003BB154 /* PatternsView.swift in Sources */,
				EAFF375B2BAA3ED700961755 /* FavoritesView.swift in Sources */,
				EAE3A7C02BAA0700003BB154 /* ColorHelper.swift in Sources */,
				EAE3A7C22BAA0965003BB154 /* ButtonView.swift in Sources */,
				EAE3A7B22BAA056E003BB154 /* POPatternsApp.swift in Sources */,
			);
			runOnlyForDeploymentPostprocessing = 0;
		};
/* End PBXSourcesBuildPhase section */

/* Begin XCBuildConfiguration section */
		EAE3A7BA2BAA0570003BB154 /* Debug */ = {
			isa = XCBuildConfiguration;
			buildSettings = {
				ALWAYS_SEARCH_USER_PATHS = NO;
				ASSETCATALOG_COMPILER_GENERATE_SWIFT_ASSET_SYMBOL_EXTENSIONS = YES;
				CLANG_ANALYZER_NONNULL = YES;
				CLANG_ANALYZER_NUMBER_OBJECT_CONVERSION = YES_AGGRESSIVE;
				CLANG_CXX_LANGUAGE_STANDARD = "gnu++20";
				CLANG_ENABLE_MODULES = YES;
				CLANG_ENABLE_OBJC_ARC = YES;
				CLANG_ENABLE_OBJC_WEAK = YES;
				CLANG_WARN_BLOCK_CAPTURE_AUTORELEASING = YES;
				CLANG_WARN_BOOL_CONVERSION = YES;
				CLANG_WARN_COMMA = YES;
				CLANG_WARN_CONSTANT_CONVERSION = YES;
				CLANG_WARN_DEPRECATED_OBJC_IMPLEMENTATIONS = YES;
				CLANG_WARN_DIRECT_OBJC_ISA_USAGE = YES_ERROR;
				CLANG_WARN_DOCUMENTATION_COMMENTS = YES;
				CLANG_WARN_EMPTY_BODY = YES;
				CLANG_WARN_ENUM_CONVERSION = YES;
				CLANG_WARN_INFINITE_RECURSION = YES;
				CLANG_WARN_INT_CONVERSION = YES;
				CLANG_WARN_NON_LITERAL_NULL_CONVERSION = YES;
				CLANG_WARN_OBJC_IMPLICIT_RETAIN_SELF = YES;
				CLANG_WARN_OBJC_LITERAL_CONVERSION = YES;
				CLANG_WARN_OBJC_ROOT_CLASS = YES_ERROR;
				CLANG_WARN_QUOTED_INCLUDE_IN_FRAMEWORK_HEADER = YES;
				CLANG_WARN_RANGE_LOOP_ANALYSIS = YES;
				CLANG_WARN_STRICT_PROTOTYPES = YES;
				CLANG_WARN_SUSPICIOUS_MOVE = YES;
				CLANG_WARN_UNGUARDED_AVAILABILITY = YES_AGGRESSIVE;
				CLANG_WARN_UNREACHABLE_CODE = YES;
				CLANG_WARN__DUPLICATE_METHOD_MATCH = YES;
				COPY_PHASE_STRIP = NO;
				DEBUG_INFORMATION_FORMAT = dwarf;
				ENABLE_STRICT_OBJC_MSGSEND = YES;
				ENABLE_TESTABILITY = YES;
				ENABLE_USER_SCRIPT_SANDBOXING = YES;
				GCC_C_LANGUAGE_STANDARD = gnu17;
				GCC_DYNAMIC_NO_PIC = NO;
				GCC_NO_COMMON_BLOCKS = YES;
				GCC_OPTIMIZATION_LEVEL = 0;
				GCC_PREPROCESSOR_DEFINITIONS = (
					"DEBUG=1",
					"$(inherited)",
				);
				GCC_WARN_64_TO_32_BIT_CONVERSION = YES;
				GCC_WARN_ABOUT_RETURN_TYPE = YES_ERROR;
				GCC_WARN_UNDECLARED_SELECTOR = YES;
				GCC_WARN_UNINITIALIZED_AUTOS = YES_AGGRESSIVE;
				GCC_WARN_UNUSED_FUNCTION = YES;
				GCC_WARN_UNUSED_VARIABLE = YES;
				IPHONEOS_DEPLOYMENT_TARGET = 17.2;
				LOCALIZATION_PREFERS_STRING_CATALOGS = YES;
				MTL_ENABLE_DEBUG_INFO = INCLUDE_SOURCE;
				MTL_FAST_MATH = YES;
				ONLY_ACTIVE_ARCH = YES;
				SDKROOT = iphoneos;
				SWIFT_ACTIVE_COMPILATION_CONDITIONS = "DEBUG $(inherited)";
				SWIFT_OPTIMIZATION_LEVEL = "-Onone";
			};
			name = Debug;
		};
		EAE3A7BB2BAA0570003BB154 /* Release */ = {
			isa = XCBuildConfiguration;
			buildSettings = {
				ALWAYS_SEARCH_USER_PATHS = NO;
				ASSETCATALOG_COMPILER_GENERATE_SWIFT_ASSET_SYMBOL_EXTENSIONS = YES;
				CLANG_ANALYZER_NONNULL = YES;
				CLANG_ANALYZER_NUMBER_OBJECT_CONVERSION = YES_AGGRESSIVE;
				CLANG_CXX_LANGUAGE_STANDARD = "gnu++20";
				CLANG_ENABLE_MODULES = YES;
				CLANG_ENABLE_OBJC_ARC = YES;
				CLANG_ENABLE_OBJC_WEAK = YES;
				CLANG_WARN_BLOCK_CAPTURE_AUTORELEASING = YES;
				CLANG_WARN_BOOL_CONVERSION = YES;
				CLANG_WARN_COMMA = YES;
				CLANG_WARN_CONSTANT_CONVERSION = YES;
				CLANG_WARN_DEPRECATED_OBJC_IMPLEMENTATIONS = YES;
				CLANG_WARN_DIRECT_OBJC_ISA_USAGE = YES_ERROR;
				CLANG_WARN_DOCUMENTATION_COMMENTS = YES;
				CLANG_WARN_EMPTY_BODY = YES;
				CLANG_WARN_ENUM_CONVERSION = YES;
				CLANG_WARN_INFINITE_RECURSION = YES;
				CLANG_WARN_INT_CONVERSION = YES;
				CLANG_WARN_NON_LITERAL_NULL_CONVERSION = YES;
				CLANG_WARN_OBJC_IMPLICIT_RETAIN_SELF = YES;
				CLANG_WARN_OBJC_LITERAL_CONVERSION = YES;
				CLANG_WARN_OBJC_ROOT_CLASS = YES_ERROR;
				CLANG_WARN_QUOTED_INCLUDE_IN_FRAMEWORK_HEADER = YES;
				CLANG_WARN_RANGE_LOOP_ANALYSIS = YES;
				CLANG_WARN_STRICT_PROTOTYPES = YES;
				CLANG_WARN_SUSPICIOUS_MOVE = YES;
				CLANG_WARN_UNGUARDED_AVAILABILITY = YES_AGGRESSIVE;
				CLANG_WARN_UNREACHABLE_CODE = YES;
				CLANG_WARN__DUPLICATE_METHOD_MATCH = YES;
				COPY_PHASE_STRIP = NO;
				DEBUG_INFORMATION_FORMAT = "dwarf-with-dsym";
				ENABLE_NS_ASSERTIONS = NO;
				ENABLE_STRICT_OBJC_MSGSEND = YES;
				ENABLE_USER_SCRIPT_SANDBOXING = YES;
				GCC_C_LANGUAGE_STANDARD = gnu17;
				GCC_NO_COMMON_BLOCKS = YES;
				GCC_WARN_64_TO_32_BIT_CONVERSION = YES;
				GCC_WARN_ABOUT_RETURN_TYPE = YES_ERROR;
				GCC_WARN_UNDECLARED_SELECTOR = YES;
				GCC_WARN_UNINITIALIZED_AUTOS = YES_AGGRESSIVE;
				GCC_WARN_UNUSED_FUNCTION = YES;
				GCC_WARN_UNUSED_VARIABLE = YES;
				IPHONEOS_DEPLOYMENT_TARGET = 17.2;
				LOCALIZATION_PREFERS_STRING_CATALOGS = YES;
				MTL_ENABLE_DEBUG_INFO = NO;
				MTL_FAST_MATH = YES;
				SDKROOT = iphoneos;
				SWIFT_COMPILATION_MODE = wholemodule;
				VALIDATE_PRODUCT = YES;
			};
			name = Release;
		};
		EAE3A7BD2BAA0570003BB154 /* Debug */ = {
			isa = XCBuildConfiguration;
			buildSettings = {
				ASSETCATALOG_COMPILER_APPICON_NAME = AppIcon;
				ASSETCATALOG_COMPILER_GLOBAL_ACCENT_COLOR_NAME = AccentColor;
				CODE_SIGN_STYLE = Automatic;
				CURRENT_PROJECT_VERSION = 1;
				DEVELOPMENT_ASSET_PATHS = "\"POPatterns/Preview Content\"";
				DEVELOPMENT_TEAM = RWP28CYWVZ;
				ENABLE_PREVIEWS = YES;
				GENERATE_INFOPLIST_FILE = YES;
				INFOPLIST_KEY_UIApplicationSceneManifest_Generation = YES;
				INFOPLIST_KEY_UIApplicationSupportsIndirectInputEvents = YES;
				INFOPLIST_KEY_UILaunchScreen_Generation = YES;
				INFOPLIST_KEY_UISupportedInterfaceOrientations_iPad = "UIInterfaceOrientationPortrait UIInterfaceOrientationPortraitUpsideDown UIInterfaceOrientationLandscapeLeft UIInterfaceOrientationLandscapeRight";
				INFOPLIST_KEY_UISupportedInterfaceOrientations_iPhone = "UIInterfaceOrientationPortrait UIInterfaceOrientationLandscapeLeft UIInterfaceOrientationLandscapeRight";
				LD_RUNPATH_SEARCH_PATHS = (
					"$(inherited)",
					"@executable_path/Frameworks",
				);
				MARKETING_VERSION = 1.0;
				PRODUCT_BUNDLE_IDENTIFIER = aswitch.me.POPatterns;
				PRODUCT_NAME = "$(TARGET_NAME)";
				SWIFT_EMIT_LOC_STRINGS = YES;
				SWIFT_VERSION = 5.0;
				TARGETED_DEVICE_FAMILY = "1,2";
			};
			name = Debug;
		};
		EAE3A7BE2BAA0570003BB154 /* Release */ = {
			isa = XCBuildConfiguration;
			buildSettings = {
				ASSETCATALOG_COMPILER_APPICON_NAME = AppIcon;
				ASSETCATALOG_COMPILER_GLOBAL_ACCENT_COLOR_NAME = AccentColor;
				CODE_SIGN_STYLE = Automatic;
				CURRENT_PROJECT_VERSION = 1;
				DEVELOPMENT_ASSET_PATHS = "\"POPatterns/Preview Content\"";
				DEVELOPMENT_TEAM = RWP28CYWVZ;
				ENABLE_PREVIEWS = YES;
				GENERATE_INFOPLIST_FILE = YES;
				INFOPLIST_KEY_UIApplicationSceneManifest_Generation = YES;
				INFOPLIST_KEY_UIApplicationSupportsIndirectInputEvents = YES;
				INFOPLIST_KEY_UILaunchScreen_Generation = YES;
				INFOPLIST_KEY_UISupportedInterfaceOrientations_iPad = "UIInterfaceOrientationPortrait UIInterfaceOrientationPortraitUpsideDown UIInterfaceOrientationLandscapeLeft UIInterfaceOrientationLandscapeRight";
				INFOPLIST_KEY_UISupportedInterfaceOrientations_iPhone = "UIInterfaceOrientationPortrait UIInterfaceOrientationLandscapeLeft UIInterfaceOrientationLandscapeRight";
				LD_RUNPATH_SEARCH_PATHS = (
					"$(inherited)",
					"@executable_path/Frameworks",
				);
				MARKETING_VERSION = 1.0;
				PRODUCT_BUNDLE_IDENTIFIER = aswitch.me.POPatterns;
				PRODUCT_NAME = "$(TARGET_NAME)";
				SWIFT_EMIT_LOC_STRINGS = YES;
				SWIFT_VERSION = 5.0;
				TARGETED_DEVICE_FAMILY = "1,2";
			};
			name = Release;
		};
/* End XCBuildConfiguration section */

/* Begin XCConfigurationList section */
		EAE3A7A92BAA056E003BB154 /* Build configuration list for PBXProject "POPatterns" */ = {
			isa = XCConfigurationList;
			buildConfigurations = (
				EAE3A7BA2BAA0570003BB154 /* Debug */,
				EAE3A7BB2BAA0570003BB154 /* Release */,
			);
			defaultConfigurationIsVisible = 0;
			defaultConfigurationName = Release;
		};
		EAE3A7BC2BAA0570003BB154 /* Build configuration list for PBXNativeTarget "POPatterns" */ = {
			isa = XCConfigurationList;
			buildConfigurations = (
				EAE3A7BD2BAA0570003BB154 /* Debug */,
				EAE3A7BE2BAA0570003BB154 /* Release */,
			);
			defaultConfigurationIsVisible = 0;
			defaultConfigurationName = Release;
		};
/* End XCConfigurationList section */
	};
	rootObject = EAE3A7A62BAA056E003BB154 /* Project object */;
}
